{
  "version": 4,
  "terraform_version": "1.12.2",
  "serial": 3,
  "lineage": "995dde3d-d618-56c1-8ab3-e12ecb0e14ae",
  "outputs": {},
  "resources": [
    {
      "mode": "managed",
      "type": "aws_vpc",
      "name": "myvpc",
      "provider": "provider[\"registry.terraform.io/hashicorp/aws\"]",
      "instances": [
        {
          "schema_version": 1,
          "attributes": {
            "arn": "arn:aws:ec2:us-west-1:307626442951:vpc/vpc-0a1abd68b4ad9deb0",
            "assign_generated_ipv6_cidr_block": false,
            "cidr_block": "10.0.0.0/16",
            "default_network_acl_id": "acl-05cc8d3298b5cf5a5",
            "default_route_table_id": "rtb-02a974b958d282831",
            "default_security_group_id": "sg-0294e018fe8dfa403",
            "dhcp_options_id": "dopt-09a5885ee1ea0c19b",
            "enable_dns_hostnames": false,
            "enable_dns_support": true,
            "enable_network_address_usage_metrics": false,
            "id": "vpc-0a1abd68b4ad9deb0",
            "instance_tenancy": "default",
            "ipv4_ipam_pool_id": null,
            "ipv4_netmask_length": null,
            "ipv6_association_id": "",
            "ipv6_cidr_block": "",
            "ipv6_cidr_block_network_border_group": "",
            "ipv6_ipam_pool_id": "",
            "ipv6_netmask_length": 0,
            "main_route_table_id": "rtb-02a974b958d282831",
            "owner_id": "307626442951",
            "region": "us-west-1",
            "tags": null,
            "tags_all": {}
          },
          "sensitive_attributes": [],
          "identity_schema_version": 0,
          "private": "eyJzY2hlbWFfdmVyc2lvbiI6IjEifQ=="
        }
      ]
    }
  ],
  "check_results": null
}
